// !$*UTF8*$!
{
	archiveVersion = 1;
	classes = {
	};
	objectVersion = 50;
	objects = {

/* Begin PBXBuildFile section */
		D85B4B8720FCAD8100A7224A /* main.swift in Sources */ = {isa = PBXBuildFile; fileRef = D85B4B8620FCAD8100A7224A /* main.swift */; };
		D85B4B9020FCAE2B00A7224A /* RationalNumeric.swift in Sources */ = {isa = PBXBuildFile; fileRef = D85B4B8E20FCAE2B00A7224A /* RationalNumeric.swift */; };
		D85B4B9120FCAE2B00A7224A /* Rational.swift in Sources */ = {isa = PBXBuildFile; fileRef = D85B4B8F20FCAE2B00A7224A /* Rational.swift */; };
		D85B4B9F20FCAEE400A7224A /* Rational_Test.swift in Sources */ = {isa = PBXBuildFile; fileRef = D85B4B9E20FCAEE400A7224A /* Rational_Test.swift */; };
		D85B4BA020FCAEED00A7224A /* RationalNumeric.swift in Sources */ = {isa = PBXBuildFile; fileRef = D85B4B8E20FCAE2B00A7224A /* RationalNumeric.swift */; };
		D85B4BA120FCAEED00A7224A /* Rational.swift in Sources */ = {isa = PBXBuildFile; fileRef = D85B4B8F20FCAE2B00A7224A /* Rational.swift */; };
		D85B4BA320FCAF4800A7224A /* UnsignedInteger_Arithmetic.swift in Sources */ = {isa = PBXBuildFile; fileRef = D85B4BA220FCAF4800A7224A /* UnsignedInteger_Arithmetic.swift */; };
		D85B4BA420FCAF5C00A7224A /* UnsignedInteger_Arithmetic.swift in Sources */ = {isa = PBXBuildFile; fileRef = D85B4BA220FCAF4800A7224A /* UnsignedInteger_Arithmetic.swift */; };
/* End PBXBuildFile section */

/* Begin PBXCopyFilesBuildPhase section */
		D85B4B8120FCAD8100A7224A /* CopyFiles */ = {
			isa = PBXCopyFilesBuildPhase;
			buildActionMask = 2147483647;
			dstPath = /usr/share/man/man1/;
			dstSubfolderSpec = 0;
			files = (
			);
			runOnlyForDeploymentPostprocessing = 1;
		};
/* End PBXCopyFilesBuildPhase section */

/* Begin PBXFileReference section */
		D8039D5221870AEB0065C995 /* README.md */ = {isa = PBXFileReference; lastKnownFileType = net.daringfireball.markdown; path = README.md; sourceTree = "<group>"; };
		D85B4B8320FCAD8100A7224A /* RationalNumeric */ = {isa = PBXFileReference; explicitFileType = "compiled.mach-o.executable"; includeInIndex = 0; path = RationalNumeric; sourceTree = BUILT_PRODUCTS_DIR; };
		D85B4B8620FCAD8100A7224A /* main.swift */ = {isa = PBXFileReference; lastKnownFileType = sourcecode.swift; path = main.swift; sourceTree = "<group>"; };
		D85B4B8E20FCAE2B00A7224A /* RationalNumeric.swift */ = {isa = PBXFileReference; fileEncoding = 4; lastKnownFileType = sourcecode.swift; path = RationalNumeric.swift; sourceTree = "<group>"; };
		D85B4B8F20FCAE2B00A7224A /* Rational.swift */ = {isa = PBXFileReference; fileEncoding = 4; lastKnownFileType = sourcecode.swift; path = Rational.swift; sourceTree = "<group>"; };
		D85B4B9620FCAE9F00A7224A /* RationalNumericTests.xctest */ = {isa = PBXFileReference; explicitFileType = wrapper.cfbundle; includeInIndex = 0; path = RationalNumericTests.xctest; sourceTree = BUILT_PRODUCTS_DIR; };
		D85B4B9A20FCAE9F00A7224A /* Info.plist */ = {isa = PBXFileReference; lastKnownFileType = text.plist.xml; path = Info.plist; sourceTree = "<group>"; };
		D85B4B9E20FCAEE400A7224A /* Rational_Test.swift */ = {isa = PBXFileReference; fileEncoding = 4; lastKnownFileType = sourcecode.swift; path = Rational_Test.swift; sourceTree = "<group>"; };
		D85B4BA220FCAF4800A7224A /* UnsignedInteger_Arithmetic.swift */ = {isa = PBXFileReference; lastKnownFileType = sourcecode.swift; path = UnsignedInteger_Arithmetic.swift; sourceTree = "<group>"; };
/* End PBXFileReference section */

/* Begin PBXFrameworksBuildPhase section */
		D85B4B8020FCAD8100A7224A /* Frameworks */ = {
			isa = PBXFrameworksBuildPhase;
			buildActionMask = 2147483647;
			files = (
			);
			runOnlyForDeploymentPostprocessing = 0;
		};
		D85B4B9320FCAE9F00A7224A /* Frameworks */ = {
			isa = PBXFrameworksBuildPhase;
			buildActionMask = 2147483647;
			files = (
			);
			runOnlyForDeploymentPostprocessing = 0;
		};
/* End PBXFrameworksBuildPhase section */

/* Begin PBXGroup section */
		D85B4B7A20FCAD8100A7224A = {
			isa = PBXGroup;
			children = (
				D85B4B8520FCAD8100A7224A /* RationalNumeric */,
				D85B4B8D20FCAE2B00A7224A /* Types */,
				D8039D5221870AEB0065C995 /* README.md */,
				D85B4B9720FCAE9F00A7224A /* RationalNumericTests */,
				D85B4B8420FCAD8100A7224A /* Products */,
			);
			sourceTree = "<group>";
		};
		D85B4B8420FCAD8100A7224A /* Products */ = {
			isa = PBXGroup;
			children = (
				D85B4B8320FCAD8100A7224A /* RationalNumeric */,
				D85B4B9620FCAE9F00A7224A /* RationalNumericTests.xctest */,
			);
			name = Products;
			sourceTree = "<group>";
		};
		D85B4B8520FCAD8100A7224A /* RationalNumeric */ = {
			isa = PBXGroup;
			children = (
				D85B4B8620FCAD8100A7224A /* main.swift */,
			);
			path = RationalNumeric;
			sourceTree = "<group>";
		};
		D85B4B8D20FCAE2B00A7224A /* Types */ = {
			isa = PBXGroup;
			children = (
				D85B4B8E20FCAE2B00A7224A /* RationalNumeric.swift */,
				D85B4B8F20FCAE2B00A7224A /* Rational.swift */,
				D85B4BA220FCAF4800A7224A /* UnsignedInteger_Arithmetic.swift */,
			);
			path = Types;
			sourceTree = "<group>";
		};
		D85B4B9720FCAE9F00A7224A /* RationalNumericTests */ = {
			isa = PBXGroup;
			children = (
				D85B4B9E20FCAEE400A7224A /* Rational_Test.swift */,
				D85B4B9A20FCAE9F00A7224A /* Info.plist */,
			);
			path = RationalNumericTests;
			sourceTree = "<group>";
		};
/* End PBXGroup section */

/* Begin PBXNativeTarget section */
		D85B4B8220FCAD8100A7224A /* RationalNumeric */ = {
			isa = PBXNativeTarget;
			buildConfigurationList = D85B4B8A20FCAD8100A7224A /* Build configuration list for PBXNativeTarget "RationalNumeric" */;
			buildPhases = (
				D85B4B7F20FCAD8100A7224A /* Sources */,
				D85B4B8020FCAD8100A7224A /* Frameworks */,
				D85B4B8120FCAD8100A7224A /* CopyFiles */,
			);
			buildRules = (
			);
			dependencies = (
			);
			name = RationalNumeric;
			productName = RationalNumeric;
			productReference = D85B4B8320FCAD8100A7224A /* RationalNumeric */;
			productType = "com.apple.product-type.tool";
		};
		D85B4B9520FCAE9F00A7224A /* RationalNumericTests */ = {
			isa = PBXNativeTarget;
			buildConfigurationList = D85B4B9B20FCAE9F00A7224A /* Build configuration list for PBXNativeTarget "RationalNumericTests" */;
			buildPhases = (
				D85B4B9220FCAE9F00A7224A /* Sources */,
				D85B4B9320FCAE9F00A7224A /* Frameworks */,
				D85B4B9420FCAE9F00A7224A /* Resources */,
			);
			buildRules = (
			);
			dependencies = (
			);
			name = RationalNumericTests;
			productName = RationalNumericTests;
			productReference = D85B4B9620FCAE9F00A7224A /* RationalNumericTests.xctest */;
			productType = "com.apple.product-type.bundle.unit-test";
		};
/* End PBXNativeTarget section */

/* Begin PBXProject section */
		D85B4B7B20FCAD8100A7224A /* Project object */ = {
			isa = PBXProject;
			attributes = {
				LastSwiftUpdateCheck = 1000;
				LastUpgradeCheck = 1010;
				ORGANIZATIONNAME = "Nathaniel Day";
				TargetAttributes = {
					D85B4B8220FCAD8100A7224A = {
						CreatedOnToolsVersion = 10.0;
					};
					D85B4B9520FCAE9F00A7224A = {
						CreatedOnToolsVersion = 10.0;
					};
				};
			};
			buildConfigurationList = D85B4B7E20FCAD8100A7224A /* Build configuration list for PBXProject "RationalNumeric" */;
			compatibilityVersion = "Xcode 9.3";
			developmentRegion = en;
			hasScannedForEncodings = 0;
			knownRegions = (
				en,
			);
			mainGroup = D85B4B7A20FCAD8100A7224A;
			productRefGroup = D85B4B8420FCAD8100A7224A /* Products */;
			projectDirPath = "";
			projectRoot = "";
			targets = (
				D85B4B8220FCAD8100A7224A /* RationalNumeric */,
				D85B4B9520FCAE9F00A7224A /* RationalNumericTests */,
			);
		};
/* End PBXProject section */

/* Begin PBXResourcesBuildPhase section */
		D85B4B9420FCAE9F00A7224A /* Resources */ = {
			isa = PBXResourcesBuildPhase;
			buildActionMask = 2147483647;
			files = (
			);
			runOnlyForDeploymentPostprocessing = 0;
		};
/* End PBXResourcesBuildPhase section */

/* Begin PBXSourcesBuildPhase section */
		D85B4B7F20FCAD8100A7224A /* Sources */ = {
			isa = PBXSourcesBuildPhase;
			buildActionMask = 2147483647;
			files = (
				D85B4B8720FCAD8100A7224A /* main.swift in Sources */,
				D85B4B9020FCAE2B00A7224A /* RationalNumeric.swift in Sources */,
				D85B4B9120FCAE2B00A7224A /* Rational.swift in Sources */,
				D85B4BA420FCAF5C00A7224A /* UnsignedInteger_Arithmetic.swift in Sources */,
			);
			runOnlyForDeploymentPostprocessing = 0;
		};
		D85B4B9220FCAE9F00A7224A /* Sources */ = {
			isa = PBXSourcesBuildPhase;
			buildActionMask = 2147483647;
			files = (
				D85B4B9F20FCAEE400A7224A /* Rational_Test.swift in Sources */,
				D85B4BA020FCAEED00A7224A /* RationalNumeric.swift in Sources */,
				D85B4BA120FCAEED00A7224A /* Rational.swift in Sources */,
				D85B4BA320FCAF4800A7224A /* UnsignedInteger_Arithmetic.swift in Sources */,
			);
			runOnlyForDeploymentPostprocessing = 0;
		};
/* End PBXSourcesBuildPhase section */

/* Begin XCBuildConfiguration section */
		D85B4B8820FCAD8100A7224A /* Debug */ = {
			isa = XCBuildConfiguration;
			buildSettings = {
				ALWAYS_SEARCH_USER_PATHS = NO;
				CLANG_ANALYZER_NONNULL = YES;
				CLANG_ANALYZER_NUMBER_OBJECT_CONVERSION = YES_AGGRESSIVE;
				CLANG_CXX_LANGUAGE_STANDARD = "gnu++14";
				CLANG_CXX_LIBRARY = "libc++";
				CLANG_ENABLE_MODULES = YES;
				CLANG_ENABLE_OBJC_ARC = YES;
				CLANG_ENABLE_OBJC_WEAK = YES;
				CLANG_WARN_BLOCK_CAPTURE_AUTORELEASING = YES;
				CLANG_WARN_BOOL_CONVERSION = YES;
				CLANG_WARN_COMMA = YES;
				CLANG_WARN_CONSTANT_CONVERSION = YES;
				CLANG_WARN_DEPRECATED_OBJC_IMPLEMENTATIONS = YES;
				CLANG_WARN_DIRECT_OBJC_ISA_USAGE = YES_ERROR;
				CLANG_WARN_DOCUMENTATION_COMMENTS = YES;
				CLANG_WARN_EMPTY_BODY = YES;
				CLANG_WARN_ENUM_CONVERSION = YES;
				CLANG_WARN_INFINITE_RECURSION = YES;
				CLANG_WARN_INT_CONVERSION = YES;
				CLANG_WARN_NON_LITERAL_NULL_CONVERSION = YES;
				CLANG_WARN_OBJC_IMPLICIT_RETAIN_SELF = YES;
				CLANG_WARN_OBJC_LITERAL_CONVERSION = YES;
				CLANG_WARN_OBJC_ROOT_CLASS = YES_ERROR;
				CLANG_WARN_RANGE_LOOP_ANALYSIS = YES;
				CLANG_WARN_STRICT_PROTOTYPES = YES;
				CLANG_WARN_SUSPICIOUS_MOVE = YES;
				CLANG_WARN_UNGUARDED_AVAILABILITY = YES_AGGRESSIVE;
				CLANG_WARN_UNREACHABLE_CODE = YES;
				CLANG_WARN__DUPLICATE_METHOD_MATCH = YES;
				CODE_SIGN_IDENTITY = "-";
				COPY_PHASE_STRIP = NO;
				DEBUG_INFORMATION_FORMAT = dwarf;
				ENABLE_STRICT_OBJC_MSGSEND = YES;
				ENABLE_TESTABILITY = YES;
				GCC_C_LANGUAGE_STANDARD = gnu11;
				GCC_DYNAMIC_NO_PIC = NO;
				GCC_NO_COMMON_BLOCKS = YES;
				GCC_OPTIMIZATION_LEVEL = 0;
				GCC_PREPROCESSOR_DEFINITIONS = (
					"DEBUG=1",
					"$(inherited)",
				);
				GCC_WARN_64_TO_32_BIT_CONVERSION = YES;
				GCC_WARN_ABOUT_RETURN_TYPE = YES_ERROR;
				GCC_WARN_UNDECLARED_SELECTOR = YES;
				GCC_WARN_UNINITIALIZED_AUTOS = YES_AGGRESSIVE;
				GCC_WARN_UNUSED_FUNCTION = YES;
				GCC_WARN_UNUSED_VARIABLE = YES;
				MACOSX_DEPLOYMENT_TARGET = 10.14;
				MTL_ENABLE_DEBUG_INFO = INCLUDE_SOURCE;
				MTL_FAST_MATH = YES;
				ONLY_ACTIVE_ARCH = YES;
				SDKROOT = macosx;
				SWIFT_ACTIVE_COMPILATION_CONDITIONS = DEBUG;
				SWIFT_OPTIMIZATION_LEVEL = "-Onone";
				SWIFT_VERSION = 4.2;
			};
			name = Debug;
		};
		D85B4B8920FCAD8100A7224A /* Release */ = {
			isa = XCBuildConfiguration;
			buildSettings = {
				ALWAYS_SEARCH_USER_PATHS = NO;
				CLANG_ANALYZER_NONNULL = YES;
				CLANG_ANALYZER_NUMBER_OBJECT_CONVERSION = YES_AGGRESSIVE;
				CLANG_CXX_LANGUAGE_STANDARD = "gnu++14";
				CLANG_CXX_LIBRARY = "libc++";
				CLANG_ENABLE_MODULES = YES;
				CLANG_ENABLE_OBJC_ARC = YES;
				CLANG_ENABLE_OBJC_WEAK = YES;
				CLANG_WARN_BLOCK_CAPTURE_AUTORELEASING = YES;
				CLANG_WARN_BOOL_CONVERSION = YES;
				CLANG_WARN_COMMA = YES;
				CLANG_WARN_CONSTANT_CONVERSION = YES;
				CLANG_WARN_DEPRECATED_OBJC_IMPLEMENTATIONS = YES;
				CLANG_WARN_DIRECT_OBJC_ISA_USAGE = YES_ERROR;
				CLANG_WARN_DOCUMENTATION_COMMENTS = YES;
				CLANG_WARN_EMPTY_BODY = YES;
				CLANG_WARN_ENUM_CONVERSION = YES;
				CLANG_WARN_INFINITE_RECURSION = YES;
				CLANG_WARN_INT_CONVERSION = YES;
				CLANG_WARN_NON_LITERAL_NULL_CONVERSION = YES;
				CLANG_WARN_OBJC_IMPLICIT_RETAIN_SELF = YES;
				CLANG_WARN_OBJC_LITERAL_CONVERSION = YES;
				CLANG_WARN_OBJC_ROOT_CLASS = YES_ERROR;
				CLANG_WARN_RANGE_LOOP_ANALYSIS = YES;
				CLANG_WARN_STRICT_PROTOTYPES = YES;
				CLANG_WARN_SUSPICIOUS_MOVE = YES;
				CLANG_WARN_UNGUARDED_AVAILABILITY = YES_AGGRESSIVE;
				CLANG_WARN_UNREACHABLE_CODE = YES;
				CLANG_WARN__DUPLICATE_METHOD_MATCH = YES;
				CODE_SIGN_IDENTITY = "-";
				COPY_PHASE_STRIP = NO;
				DEBUG_INFORMATION_FORMAT = "dwarf-with-dsym";
				ENABLE_NS_ASSERTIONS = NO;
				ENABLE_STRICT_OBJC_MSGSEND = YES;
				ENABLE_TESTABILITY = YES;
				GCC_C_LANGUAGE_STANDARD = gnu11;
				GCC_NO_COMMON_BLOCKS = YES;
				GCC_WARN_64_TO_32_BIT_CONVERSION = YES;
				GCC_WARN_ABOUT_RETURN_TYPE = YES_ERROR;
				GCC_WARN_UNDECLARED_SELECTOR = YES;
				GCC_WARN_UNINITIALIZED_AUTOS = YES_AGGRESSIVE;
				GCC_WARN_UNUSED_FUNCTION = YES;
				GCC_WARN_UNUSED_VARIABLE = YES;
				MACOSX_DEPLOYMENT_TARGET = 10.14;
				MTL_ENABLE_DEBUG_INFO = NO;
				MTL_FAST_MATH = YES;
				SDKROOT = macosx;
				SWIFT_COMPILATION_MODE = wholemodule;
				SWIFT_OPTIMIZATION_LEVEL = "-O";
				SWIFT_VERSION = 4.2;
			};
			name = Release;
		};
		D85B4B8B20FCAD8100A7224A /* Debug */ = {
			isa = XCBuildConfiguration;
			buildSettings = {
				CODE_SIGN_STYLE = Automatic;
				PRODUCT_NAME = "$(TARGET_NAME)";
			};
			name = Debug;
		};
		D85B4B8C20FCAD8100A7224A /* Release */ = {
			isa = XCBuildConfiguration;
			buildSettings = {
				CODE_SIGN_STYLE = Automatic;
				PRODUCT_NAME = "$(TARGET_NAME)";
			};
			name = Release;
		};
		D85B4B9C20FCAE9F00A7224A /* Debug */ = {
			isa = XCBuildConfiguration;
			buildSettings = {
				CODE_SIGN_STYLE = Automatic;
				COMBINE_HIDPI_IMAGES = YES;
				INFOPLIST_FILE = RationalNumericTests/Info.plist;
				LD_RUNPATH_SEARCH_PATHS = (
					"$(inherited)",
					"@executable_path/../Frameworks",
					"@loader_path/../Frameworks",
				);
				PRODUCT_BUNDLE_IDENTIFIER = com.godofcocoa.RationalNumericTests;
				PRODUCT_NAME = "$(TARGET_NAME)";
			};
			name = Debug;
		};
		D85B4B9D20FCAE9F00A7224A /* Release */ = {
			isa = XCBuildConfiguration;
			buildSettings = {
				CODE_SIGN_STYLE = Automatic;
				COMBINE_HIDPI_IMAGES = YES;
				INFOPLIST_FILE = RationalNumericTests/Info.plist;
				LD_RUNPATH_SEARCH_PATHS = (
					"$(inherited)",
					"@executable_path/../Frameworks",
					"@loader_path/../Frameworks",
				);
				PRODUCT_BUNDLE_IDENTIFIER = com.godofcocoa.RationalNumericTests;
				PRODUCT_NAME = "$(TARGET_NAME)";
			};
			name = Release;
		};
/* End XCBuildConfiguration section */

/* Begin XCConfigurationList section */
		D85B4B7E20FCAD8100A7224A /* Build configuration list for PBXProject "RationalNumeric" */ = {
			isa = XCConfigurationList;
			buildConfigurations = (
				D85B4B8820FCAD8100A7224A /* Debug */,
				D85B4B8920FCAD8100A7224A /* Release */,
			);
			defaultConfigurationIsVisible = 0;
			defaultConfigurationName = Release;
		};
		D85B4B8A20FCAD8100A7224A /* Build configuration list for PBXNativeTarget "RationalNumeric" */ = {
			isa = XCConfigurationList;
			buildConfigurations = (
				D85B4B8B20FCAD8100A7224A /* Debug */,
				D85B4B8C20FCAD8100A7224A /* Release */,
			);
			defaultConfigurationIsVisible = 0;
			defaultConfigurationName = Release;
		};
		D85B4B9B20FCAE9F00A7224A /* Build configuration list for PBXNativeTarget "RationalNumericTests" */ = {
			isa = XCConfigurationList;
			buildConfigurations = (
				D85B4B9C20FCAE9F00A7224A /* Debug */,
				D85B4B9D20FCAE9F00A7224A /* Release */,
			);
			defaultConfigurationIsVisible = 0;
			defaultConfigurationName = Release;
		};
/* End XCConfigurationList section */
	};
	rootObject = D85B4B7B20FCAD8100A7224A /* Project object */;
}
